// !$*UTF8*$!
{
	archiveVersion = 1;
	classes = {
	};
	objectVersion = 51;
	objects = {

/* Begin PBXBuildFile section */
		963BE9213317208F0232A517 /* Pods_LabOneCalculator.framework in Frameworks */ = {isa = PBXBuildFile; fileRef = 1938171144890DD1AC2ABBF3 /* Pods_LabOneCalculator.framework */; };
		BE35ADF72592424100A6CAF7 /* Input.swift in Sources */ = {isa = PBXBuildFile; fileRef = BE35ADF62592424000A6CAF7 /* Input.swift */; };
		BE4D2C6B2595E4E400CBE0D6 /* Constants.swift in Sources */ = {isa = PBXBuildFile; fileRef = BE4D2C6A2595E4E400CBE0D6 /* Constants.swift */; };
		BE8C8020258B221600678D3C /* AppDelegate.swift in Sources */ = {isa = PBXBuildFile; fileRef = BE8C801F258B221600678D3C /* AppDelegate.swift */; };
		BE8C8022258B221600678D3C /* SceneDelegate.swift in Sources */ = {isa = PBXBuildFile; fileRef = BE8C8021258B221600678D3C /* SceneDelegate.swift */; };
		BE8C8024258B221600678D3C /* ViewController.swift in Sources */ = {isa = PBXBuildFile; fileRef = BE8C8023258B221600678D3C /* ViewController.swift */; };
		BE8C8027258B221600678D3C /* Main.storyboard in Resources */ = {isa = PBXBuildFile; fileRef = BE8C8025258B221600678D3C /* Main.storyboard */; };
		BE8C8029258B221A00678D3C /* Assets.xcassets in Resources */ = {isa = PBXBuildFile; fileRef = BE8C8028258B221A00678D3C /* Assets.xcassets */; };
		BE8C802C258B221A00678D3C /* LaunchScreen.storyboard in Resources */ = {isa = PBXBuildFile; fileRef = BE8C802A258B221A00678D3C /* LaunchScreen.storyboard */; };
/* End PBXBuildFile section */

/* Begin PBXFileReference section */
		1938171144890DD1AC2ABBF3 /* Pods_LabOneCalculator.framework */ = {isa = PBXFileReference; explicitFileType = wrapper.framework; includeInIndex = 0; path = Pods_LabOneCalculator.framework; sourceTree = BUILT_PRODUCTS_DIR; };
		1D449E24663BAD9CA9F8A944 /* Pods-LabOneCalculator.release.xcconfig */ = {isa = PBXFileReference; includeInIndex = 1; lastKnownFileType = text.xcconfig; name = "Pods-LabOneCalculator.release.xcconfig"; path = "Target Support Files/Pods-LabOneCalculator/Pods-LabOneCalculator.release.xcconfig"; sourceTree = "<group>"; };
		BE35ADF62592424000A6CAF7 /* Input.swift */ = {isa = PBXFileReference; lastKnownFileType = sourcecode.swift; path = Input.swift; sourceTree = "<group>"; };
		BE4D2C6A2595E4E400CBE0D6 /* Constants.swift */ = {isa = PBXFileReference; lastKnownFileType = sourcecode.swift; path = Constants.swift; sourceTree = "<group>"; };
		BE8C801C258B221600678D3C /* LabOneCalculator.app */ = {isa = PBXFileReference; explicitFileType = wrapper.application; includeInIndex = 0; path = LabOneCalculator.app; sourceTree = BUILT_PRODUCTS_DIR; };
		BE8C801F258B221600678D3C /* AppDelegate.swift */ = {isa = PBXFileReference; lastKnownFileType = sourcecode.swift; path = AppDelegate.swift; sourceTree = "<group>"; };
		BE8C8021258B221600678D3C /* SceneDelegate.swift */ = {isa = PBXFileReference; lastKnownFileType = sourcecode.swift; path = SceneDelegate.swift; sourceTree = "<group>"; };
		BE8C8023258B221600678D3C /* ViewController.swift */ = {isa = PBXFileReference; lastKnownFileType = sourcecode.swift; path = ViewController.swift; sourceTree = "<group>"; };
		BE8C8026258B221600678D3C /* Base */ = {isa = PBXFileReference; lastKnownFileType = file.storyboard; name = Base; path = Base.lproj/Main.storyboard; sourceTree = "<group>"; };
		BE8C8028258B221A00678D3C /* Assets.xcassets */ = {isa = PBXFileReference; lastKnownFileType = folder.assetcatalog; path = Assets.xcassets; sourceTree = "<group>"; };
		BE8C802B258B221A00678D3C /* Base */ = {isa = PBXFileReference; lastKnownFileType = file.storyboard; name = Base; path = Base.lproj/LaunchScreen.storyboard; sourceTree = "<group>"; };
		BE8C802D258B221A00678D3C /* Info.plist */ = {isa = PBXFileReference; lastKnownFileType = text.plist.xml; path = Info.plist; sourceTree = "<group>"; };
		CD4D451F429BC40817E610C2 /* Pods-LabOneCalculator.debug.xcconfig */ = {isa = PBXFileReference; includeInIndex = 1; lastKnownFileType = text.xcconfig; name = "Pods-LabOneCalculator.debug.xcconfig"; path = "Target Support Files/Pods-LabOneCalculator/Pods-LabOneCalculator.debug.xcconfig"; sourceTree = "<group>"; };
/* End PBXFileReference section */

/* Begin PBXFrameworksBuildPhase section */
		BE8C8019258B221600678D3C /* Frameworks */ = {
			isa = PBXFrameworksBuildPhase;
			buildActionMask = 2147483647;
			files = (
				963BE9213317208F0232A517 /* Pods_LabOneCalculator.framework in Frameworks */,
			);
			runOnlyForDeploymentPostprocessing = 0;
		};
/* End PBXFrameworksBuildPhase section */

/* Begin PBXGroup section */
		4338E64E9317AF0A31948B86 /* Pods */ = {
			isa = PBXGroup;
			children = (
				CD4D451F429BC40817E610C2 /* Pods-LabOneCalculator.debug.xcconfig */,
				1D449E24663BAD9CA9F8A944 /* Pods-LabOneCalculator.release.xcconfig */,
			);
			path = Pods;
			sourceTree = "<group>";
		};
		BE8C8013258B221500678D3C = {
			isa = PBXGroup;
			children = (
				BE8C801E258B221600678D3C /* LabOneCalculator */,
				BE8C801D258B221600678D3C /* Products */,
				4338E64E9317AF0A31948B86 /* Pods */,
				CA4E884B7FFC91BFADFDE67E /* Frameworks */,
			);
			sourceTree = "<group>";
		};
		BE8C801D258B221600678D3C /* Products */ = {
			isa = PBXGroup;
			children = (
				BE8C801C258B221600678D3C /* LabOneCalculator.app */,
			);
			name = Products;
			sourceTree = "<group>";
		};
		BE8C801E258B221600678D3C /* LabOneCalculator */ = {
			isa = PBXGroup;
			children = (
				BE8C801F258B221600678D3C /* AppDelegate.swift */,
				BE8C8021258B221600678D3C /* SceneDelegate.swift */,
				BE8C8023258B221600678D3C /* ViewController.swift */,
				BE4D2C6A2595E4E400CBE0D6 /* Constants.swift */,
				BE35ADF62592424000A6CAF7 /* Input.swift */,
				BE8C8025258B221600678D3C /* Main.storyboard */,
				BE8C8028258B221A00678D3C /* Assets.xcassets */,
				BE8C802A258B221A00678D3C /* LaunchScreen.storyboard */,
				BE8C802D258B221A00678D3C /* Info.plist */,
			);
			path = LabOneCalculator;
			sourceTree = "<group>";
		};
		CA4E884B7FFC91BFADFDE67E /* Frameworks */ = {
			isa = PBXGroup;
			children = (
				1938171144890DD1AC2ABBF3 /* Pods_LabOneCalculator.framework */,
			);
			name = Frameworks;
			sourceTree = "<group>";
		};
/* End PBXGroup section */

/* Begin PBXNativeTarget section */
		BE8C801B258B221600678D3C /* LabOneCalculator */ = {
			isa = PBXNativeTarget;
			buildConfigurationList = BE8C8030258B221A00678D3C /* Build configuration list for PBXNativeTarget "LabOneCalculator" */;
			buildPhases = (
				022EAFAAC5D30433130D9907 /* [CP] Check Pods Manifest.lock */,
				BE8C8018258B221600678D3C /* Sources */,
				BE8C8019258B221600678D3C /* Frameworks */,
				BE8C801A258B221600678D3C /* Resources */,
				BB3ECCBDC1105C2953042645 /* [CP] Embed Pods Frameworks */,
			);
			buildRules = (
			);
			dependencies = (
			);
			name = LabOneCalculator;
			productName = LabOneCalculator;
			productReference = BE8C801C258B221600678D3C /* LabOneCalculator.app */;
			productType = "com.apple.product-type.application";
		};
/* End PBXNativeTarget section */

/* Begin PBXProject section */
		BE8C8014258B221500678D3C /* Project object */ = {
			isa = PBXProject;
			attributes = {
				LastSwiftUpdateCheck = 1210;
				LastUpgradeCheck = 1210;
				TargetAttributes = {
					BE8C801B258B221600678D3C = {
						CreatedOnToolsVersion = 12.1;
					};
				};
			};
			buildConfigurationList = BE8C8017258B221500678D3C /* Build configuration list for PBXProject "LabOneCalculator" */;
			compatibilityVersion = "Xcode 9.3";
			developmentRegion = en;
			hasScannedForEncodings = 0;
			knownRegions = (
				en,
				Base,
			);
			mainGroup = BE8C8013258B221500678D3C;
			productRefGroup = BE8C801D258B221600678D3C /* Products */;
			projectDirPath = "";
			projectRoot = "";
			targets = (
				BE8C801B258B221600678D3C /* LabOneCalculator */,
			);
		};
/* End PBXProject section */

/* Begin PBXResourcesBuildPhase section */
		BE8C801A258B221600678D3C /* Resources */ = {
			isa = PBXResourcesBuildPhase;
			buildActionMask = 2147483647;
			files = (
				BE8C802C258B221A00678D3C /* LaunchScreen.storyboard in Resources */,
				BE8C8029258B221A00678D3C /* Assets.xcassets in Resources */,
				BE8C8027258B221600678D3C /* Main.storyboard in Resources */,
			);
			runOnlyForDeploymentPostprocessing = 0;
		};
/* End PBXResourcesBuildPhase section */

/* Begin PBXShellScriptBuildPhase section */
		022EAFAAC5D30433130D9907 /* [CP] Check Pods Manifest.lock */ = {
			isa = PBXShellScriptBuildPhase;
			buildActionMask = 2147483647;
			files = (
			);
			inputFileListPaths = (
			);
			inputPaths = (
				"${PODS_PODFILE_DIR_PATH}/Podfile.lock",
				"${PODS_ROOT}/Manifest.lock",
			);
			name = "[CP] Check Pods Manifest.lock";
			outputFileListPaths = (
			);
			outputPaths = (
				"$(DERIVED_FILE_DIR)/Pods-LabOneCalculator-checkManifestLockResult.txt",
			);
			runOnlyForDeploymentPostprocessing = 0;
			shellPath = /bin/sh;
			shellScript = "diff \"${PODS_PODFILE_DIR_PATH}/Podfile.lock\" \"${PODS_ROOT}/Manifest.lock\" > /dev/null\nif [ $? != 0 ] ; then\n    # print error to STDERR\n    echo \"error: The sandbox is not in sync with the Podfile.lock. Run 'pod install' or update your CocoaPods installation.\" >&2\n    exit 1\nfi\n# This output is used by Xcode 'outputs' to avoid re-running this script phase.\necho \"SUCCESS\" > \"${SCRIPT_OUTPUT_FILE_0}\"\n";
			showEnvVarsInLog = 0;
		};
		BB3ECCBDC1105C2953042645 /* [CP] Embed Pods Frameworks */ = {
			isa = PBXShellScriptBuildPhase;
			buildActionMask = 2147483647;
			files = (
			);
			inputFileListPaths = (
				"${PODS_ROOT}/Target Support Files/Pods-LabOneCalculator/Pods-LabOneCalculator-frameworks-${CONFIGURATION}-input-files.xcfilelist",
			);
			name = "[CP] Embed Pods Frameworks";
			outputFileListPaths = (
				"${PODS_ROOT}/Target Support Files/Pods-LabOneCalculator/Pods-LabOneCalculator-frameworks-${CONFIGURATION}-output-files.xcfilelist",
			);
			runOnlyForDeploymentPostprocessing = 0;
			shellPath = /bin/sh;
			shellScript = "\"${PODS_ROOT}/Target Support Files/Pods-LabOneCalculator/Pods-LabOneCalculator-frameworks.sh\"\n";
			showEnvVarsInLog = 0;
		};
/* End PBXShellScriptBuildPhase section */

/* Begin PBXSourcesBuildPhase section */
		BE8C8018258B221600678D3C /* Sources */ = {
			isa = PBXSourcesBuildPhase;
			buildActionMask = 2147483647;
			files = (
				BE4D2C6B2595E4E400CBE0D6 /* Constants.swift in Sources */,
				BE8C8024258B221600678D3C /* ViewController.swift in Sources */,
				BE8C8020258B221600678D3C /* AppDelegate.swift in Sources */,
				BE35ADF72592424100A6CAF7 /* Input.swift in Sources */,
				BE8C8022258B221600678D3C /* SceneDelegate.swift in Sources */,
			);
			runOnlyForDeploymentPostprocessing = 0;
		};
/* End PBXSourcesBuildPhase section */

/* Begin PBXVariantGroup section */
		BE8C8025258B221600678D3C /* Main.storyboard */ = {
			isa = PBXVariantGroup;
			children = (
				BE8C8026258B221600678D3C /* Base */,
			);
			name = Main.storyboard;
			sourceTree = "<group>";
		};
		BE8C802A258B221A00678D3C /* LaunchScreen.storyboard */ = {
			isa = PBXVariantGroup;
			children = (
				BE8C802B258B221A00678D3C /* Base */,
			);
			name = LaunchScreen.storyboard;
			sourceTree = "<group>";
		};
/* End PBXVariantGroup section */

/* Begin XCBuildConfiguration section */
		BE8C802E258B221A00678D3C /* Debug */ = {
			isa = XCBuildConfiguration;
			buildSettings = {
				ALWAYS_SEARCH_USER_PATHS = NO;
				CLANG_ANALYZER_NONNULL = YES;
				CLANG_ANALYZER_NUMBER_OBJECT_CONVERSION = YES_AGGRESSIVE;
				CLANG_CXX_LANGUAGE_STANDARD = "gnu++14";
				CLANG_CXX_LIBRARY = "libc++";
				CLANG_ENABLE_MODULES = YES;
				CLANG_ENABLE_OBJC_ARC = YES;
				CLANG_ENABLE_OBJC_WEAK = YES;
				CLANG_WARN_BLOCK_CAPTURE_AUTORELEASING = YES;
				CLANG_WARN_BOOL_CONVERSION = YES;
				CLANG_WARN_COMMA = YES;
				CLANG_WARN_CONSTANT_CONVERSION = YES;
				CLANG_WARN_DEPRECATED_OBJC_IMPLEMENTATIONS = YES;
				CLANG_WARN_DIRECT_OBJC_ISA_USAGE = YES_ERROR;
				CLANG_WARN_DOCUMENTATION_COMMENTS = YES;
				CLANG_WARN_EMPTY_BODY = YES;
				CLANG_WARN_ENUM_CONVERSION = YES;
				CLANG_WARN_INFINITE_RECURSION = YES;
				CLANG_WARN_INT_CONVERSION = YES;
				CLANG_WARN_NON_LITERAL_NULL_CONVERSION = YES;
				CLANG_WARN_OBJC_IMPLICIT_RETAIN_SELF = YES;
				CLANG_WARN_OBJC_LITERAL_CONVERSION = YES;
				CLANG_WARN_OBJC_ROOT_CLASS = YES_ERROR;
				CLANG_WARN_QUOTED_INCLUDE_IN_FRAMEWORK_HEADER = YES;
				CLANG_WARN_RANGE_LOOP_ANALYSIS = YES;
				CLANG_WARN_STRICT_PROTOTYPES = YES;
				CLANG_WARN_SUSPICIOUS_MOVE = YES;
				CLANG_WARN_UNGUARDED_AVAILABILITY = YES_AGGRESSIVE;
				CLANG_WARN_UNREACHABLE_CODE = YES;
				CLANG_WARN__DUPLICATE_METHOD_MATCH = YES;
				COPY_PHASE_STRIP = NO;
				DEBUG_INFORMATION_FORMAT = dwarf;
				ENABLE_STRICT_OBJC_MSGSEND = YES;
				ENABLE_TESTABILITY = YES;
				GCC_C_LANGUAGE_STANDARD = gnu11;
				GCC_DYNAMIC_NO_PIC = NO;
				GCC_NO_COMMON_BLOCKS = YES;
				GCC_OPTIMIZATION_LEVEL = 0;
				GCC_PREPROCESSOR_DEFINITIONS = (
					"DEBUG=1",
					"$(inherited)",
				);
				GCC_WARN_64_TO_32_BIT_CONVERSION = YES;
				GCC_WARN_ABOUT_RETURN_TYPE = YES_ERROR;
				GCC_WARN_UNDECLARED_SELECTOR = YES;
				GCC_WARN_UNINITIALIZED_AUTOS = YES_AGGRESSIVE;
				GCC_WARN_UNUSED_FUNCTION = YES;
				GCC_WARN_UNUSED_VARIABLE = YES;
				IPHONEOS_DEPLOYMENT_TARGET = 14.1;
				MTL_ENABLE_DEBUG_INFO = INCLUDE_SOURCE;
				MTL_FAST_MATH = YES;
				ONLY_ACTIVE_ARCH = YES;
				SDKROOT = iphoneos;
				SWIFT_ACTIVE_COMPILATION_CONDITIONS = DEBUG;
				SWIFT_OPTIMIZATION_LEVEL = "-Onone";
			};
			name = Debug;
		};
		BE8C802F258B221A00678D3C /* Release */ = {
			isa = XCBuildConfiguration;
			buildSettings = {
				ALWAYS_SEARCH_USER_PATHS = NO;
				CLANG_ANALYZER_NONNULL = YES;
				CLANG_ANALYZER_NUMBER_OBJECT_CONVERSION = YES_AGGRESSIVE;
				CLANG_CXX_LANGUAGE_STANDARD = "gnu++14";
				CLANG_CXX_LIBRARY = "libc++";
				CLANG_ENABLE_MODULES = YES;
				CLANG_ENABLE_OBJC_ARC = YES;
				CLANG_ENABLE_OBJC_WEAK = YES;
				CLANG_WARN_BLOCK_CAPTURE_AUTORELEASING = YES;
				CLANG_WARN_BOOL_CONVERSION = YES;
				CLANG_WARN_COMMA = YES;
				CLANG_WARN_CONSTANT_CONVERSION = YES;
				CLANG_WARN_DEPRECATED_OBJC_IMPLEMENTATIONS = YES;
				CLANG_WARN_DIRECT_OBJC_ISA_USAGE = YES_ERROR;
				CLANG_WARN_DOCUMENTATION_COMMENTS = YES;
				CLANG_WARN_EMPTY_BODY = YES;
				CLANG_WARN_ENUM_CONVERSION = YES;
				CLANG_WARN_INFINITE_RECURSION = YES;
				CLANG_WARN_INT_CONVERSION = YES;
				CLANG_WARN_NON_LITERAL_NULL_CONVERSION = YES;
				CLANG_WARN_OBJC_IMPLICIT_RETAIN_SELF = YES;
				CLANG_WARN_OBJC_LITERAL_CONVERSION = YES;
				CLANG_WARN_OBJC_ROOT_CLASS = YES_ERROR;
				CLANG_WARN_QUOTED_INCLUDE_IN_FRAMEWORK_HEADER = YES;
				CLANG_WARN_RANGE_LOOP_ANALYSIS = YES;
				CLANG_WARN_STRICT_PROTOTYPES = YES;
				CLANG_WARN_SUSPICIOUS_MOVE = YES;
				CLANG_WARN_UNGUARDED_AVAILABILITY = YES_AGGRESSIVE;
				CLANG_WARN_UNREACHABLE_CODE = YES;
				CLANG_WARN__DUPLICATE_METHOD_MATCH = YES;
				COPY_PHASE_STRIP = NO;
				DEBUG_INFORMATION_FORMAT = "dwarf-with-dsym";
				ENABLE_NS_ASSERTIONS = NO;
				ENABLE_STRICT_OBJC_MSGSEND = YES;
				GCC_C_LANGUAGE_STANDARD = gnu11;
				GCC_NO_COMMON_BLOCKS = YES;
				GCC_WARN_64_TO_32_BIT_CONVERSION = YES;
				GCC_WARN_ABOUT_RETURN_TYPE = YES_ERROR;
				GCC_WARN_UNDECLARED_SELECTOR = YES;
				GCC_WARN_UNINITIALIZED_AUTOS = YES_AGGRESSIVE;
				GCC_WARN_UNUSED_FUNCTION = YES;
				GCC_WARN_UNUSED_VARIABLE = YES;
				IPHONEOS_DEPLOYMENT_TARGET = 14.1;
				MTL_ENABLE_DEBUG_INFO = NO;
				MTL_FAST_MATH = YES;
				SDKROOT = iphoneos;
				SWIFT_COMPILATION_MODE = wholemodule;
				SWIFT_OPTIMIZATION_LEVEL = "-O";
				VALIDATE_PRODUCT = YES;
			};
			name = Release;
		};
		BE8C8031258B221A00678D3C /* Debug */ = {
			isa = XCBuildConfiguration;
			baseConfigurationReference = CD4D451F429BC40817E610C2 /* Pods-LabOneCalculator.debug.xcconfig */;
			buildSettings = {
				ASSETCATALOG_COMPILER_APPICON_NAME = AppIcon;
				ASSETCATALOG_COMPILER_GLOBAL_ACCENT_COLOR_NAME = AccentColor;
				CODE_SIGN_STYLE = Automatic;
				DEVELOPMENT_TEAM = M6Q55NKN7U;
				INFOPLIST_FILE = LabOneCalculator/Info.plist;
				LD_RUNPATH_SEARCH_PATHS = (
					"$(inherited)",
					"@executable_path/Frameworks",
				);
				PRODUCT_BUNDLE_IDENTIFIER = abutalipov.alikhan.LabOneCalculator;
				PRODUCT_NAME = "$(TARGET_NAME)";
				SWIFT_VERSION = 5.0;
				TARGETED_DEVICE_FAMILY = 1;
			};
			name = Debug;
		};
		BE8C8032258B221A00678D3C /* Release */ = {
			isa = XCBuildConfiguration;
			baseConfigurationReference = 1D449E24663BAD9CA9F8A944 /* Pods-LabOneCalculator.release.xcconfig */;
			buildSettings = {
				ASSETCATALOG_COMPILER_APPICON_NAME = AppIcon;
				ASSETCATALOG_COMPILER_GLOBAL_ACCENT_COLOR_NAME = AccentColor;
				CODE_SIGN_STYLE = Automatic;
				DEVELOPMENT_TEAM = M6Q55NKN7U;
				INFOPLIST_FILE = LabOneCalculator/Info.plist;
				LD_RUNPATH_SEARCH_PATHS = (
					"$(inherited)",
					"@executable_path/Frameworks",
				);
				PRODUCT_BUNDLE_IDENTIFIER = abutalipov.alikhan.LabOneCalculator;
				PRODUCT_NAME = "$(TARGET_NAME)";
				SWIFT_VERSION = 5.0;
				TARGETED_DEVICE_FAMILY = 1;
			};
			name = Release;
		};
/* End XCBuildConfiguration section */

/* Begin XCConfigurationList section */
		BE8C8017258B221500678D3C /* Build configuration list for PBXProject "LabOneCalculator" */ = {
			isa = XCConfigurationList;
			buildConfigurations = (
				BE8C802E258B221A00678D3C /* Debug */,
				BE8C802F258B221A00678D3C /* Release */,
			);
			defaultConfigurationIsVisible = 0;
			defaultConfigurationName = Release;
		};
		BE8C8030258B221A00678D3C /* Build configuration list for PBXNativeTarget "LabOneCalculator" */ = {
			isa = XCConfigurationList;
			buildConfigurations = (
				BE8C8031258B221A00678D3C /* Debug */,
				BE8C8032258B221A00678D3C /* Release */,
			);
			defaultConfigurationIsVisible = 0;
			defaultConfigurationName = Release;
		};
/* End XCConfigurationList section */
	};
	rootObject = BE8C8014258B221500678D3C /* Project object */;
}
